
Microsoft Visual Studio Solution File, Format Version 12.00
# Visual Studio 15
VisualStudioVersion = 15.0.28307.329
MinimumVisualStudioVersion = 10.0.40219.1
Project("{FAE04EC0-301F-11D3-BF4B-00C04F79EFBC}") = "SWT25_Assignment2_AirTrafficMonitoring", "SWT25_Assignment2_AirTrafficMonitoring\SWT25_Assignment2_AirTrafficMonitoring.csproj", "{59D2DC2D-8657-4277-8ED4-DD24DA1391A3}"
EndProject
Project("{FAE04EC0-301F-11D3-BF4B-00C04F79EFBC}") = "TransponderReceiverApplication", "Undervisningsmateriale\TransponderReceiverApplication\TransponderReceiverApplication.csproj", "{5BF5A5A7-E181-4321-A362-D16F4849586A}"
EndProject
Project("{FAE04EC0-301F-11D3-BF4B-00C04F79EFBC}") = "TransponderReceiverUser", "Undervisningsmateriale\TransponderReceiverUser\TransponderReceiverUser.csproj", "{AD9E07F6-3D14-47C9-955E-FF20C7FE5433}"
EndProject
Project("{FAE04EC0-301F-11D3-BF4B-00C04F79EFBC}") = "TrackFormater.Test.Unit", "Display.Test.Unit\TrackFormater.Test.Unit.csproj", "{30CF057C-B3E3-4DE6-BC36-FF31C278B580}"
EndProject
Project("{FAE04EC0-301F-11D3-BF4B-00C04F79EFBC}") = "OccurrenceDetector.Unit.Test", "AirTrafficMonitor.Unit.Test\OccurrenceDetector.Unit.Test.csproj", "{108E4A4E-AE44-4D50-9033-53435B7D8DB5}"
EndProject
Project("{FAE04EC0-301F-11D3-BF4B-00C04F79EFBC}") = "DecodeFactory.Test.Unit", "DecodeFactory.Test.Unit\DecodeFactory.Test.Unit.csproj", "{1CC1ECA3-FF0E-4B71-8E57-A4209644A292}"
EndProject
Project("{FAE04EC0-301F-11D3-BF4B-00C04F79EFBC}") = "UnitTests", "UnitTests\UnitTests.csproj", "{06560F20-EA46-472C-9129-66DDFF3D8DA6}"
EndProject
Global
	GlobalSection(SolutionConfigurationPlatforms) = preSolution
		Debug|Any CPU = Debug|Any CPU
		Release|Any CPU = Release|Any CPU
	EndGlobalSection
	GlobalSection(ProjectConfigurationPlatforms) = postSolution
		{59D2DC2D-8657-4277-8ED4-DD24DA1391A3}.Debug|Any CPU.ActiveCfg = Debug|Any CPU
		{59D2DC2D-8657-4277-8ED4-DD24DA1391A3}.Debug|Any CPU.Build.0 = Debug|Any CPU
		{59D2DC2D-8657-4277-8ED4-DD24DA1391A3}.Release|Any CPU.ActiveCfg = Release|Any CPU
		{59D2DC2D-8657-4277-8ED4-DD24DA1391A3}.Release|Any CPU.Build.0 = Release|Any CPU
		{5BF5A5A7-E181-4321-A362-D16F4849586A}.Debug|Any CPU.ActiveCfg = Debug|Any CPU
		{5BF5A5A7-E181-4321-A362-D16F4849586A}.Debug|Any CPU.Build.0 = Debug|Any CPU
		{5BF5A5A7-E181-4321-A362-D16F4849586A}.Release|Any CPU.ActiveCfg = Release|Any CPU
		{5BF5A5A7-E181-4321-A362-D16F4849586A}.Release|Any CPU.Build.0 = Release|Any CPU
		{AD9E07F6-3D14-47C9-955E-FF20C7FE5433}.Debug|Any CPU.ActiveCfg = Debug|Any CPU
		{AD9E07F6-3D14-47C9-955E-FF20C7FE5433}.Debug|Any CPU.Build.0 = Debug|Any CPU
		{AD9E07F6-3D14-47C9-955E-FF20C7FE5433}.Release|Any CPU.ActiveCfg = Release|Any CPU
		{AD9E07F6-3D14-47C9-955E-FF20C7FE5433}.Release|Any CPU.Build.0 = Release|Any CPU
		{30CF057C-B3E3-4DE6-BC36-FF31C278B580}.Debug|Any CPU.ActiveCfg = Debug|Any CPU
		{30CF057C-B3E3-4DE6-BC36-FF31C278B580}.Debug|Any CPU.Build.0 = Debug|Any CPU
		{30CF057C-B3E3-4DE6-BC36-FF31C278B580}.Release|Any CPU.ActiveCfg = Release|Any CPU
		{30CF057C-B3E3-4DE6-BC36-FF31C278B580}.Release|Any CPU.Build.0 = Release|Any CPU
		{108E4A4E-AE44-4D50-9033-53435B7D8DB5}.Debug|Any CPU.ActiveCfg = Debug|Any CPU
		{108E4A4E-AE44-4D50-9033-53435B7D8DB5}.Debug|Any CPU.Build.0 = Debug|Any CPU
		{108E4A4E-AE44-4D50-9033-53435B7D8DB5}.Release|Any CPU.ActiveCfg = Release|Any CPU
		{108E4A4E-AE44-4D50-9033-53435B7D8DB5}.Release|Any CPU.Build.0 = Release|Any CPU
		{1CC1ECA3-FF0E-4B71-8E57-A4209644A292}.Debug|Any CPU.ActiveCfg = Debug|Any CPU
		{1CC1ECA3-FF0E-4B71-8E57-A4209644A292}.Debug|Any CPU.Build.0 = Debug|Any CPU
		{1CC1ECA3-FF0E-4B71-8E57-A4209644A292}.Release|Any CPU.ActiveCfg = Release|Any CPU
		{1CC1ECA3-FF0E-4B71-8E57-A4209644A292}.Release|Any CPU.Build.0 = Release|Any CPU
		{06560F20-EA46-472C-9129-66DDFF3D8DA6}.Debug|Any CPU.ActiveCfg = Debug|Any CPU
		{06560F20-EA46-472C-9129-66DDFF3D8DA6}.Debug|Any CPU.Build.0 = Debug|Any CPU
		{06560F20-EA46-472C-9129-66DDFF3D8DA6}.Release|Any CPU.ActiveCfg = Release|Any CPU
		{06560F20-EA46-472C-9129-66DDFF3D8DA6}.Release|Any CPU.Build.0 = Release|Any CPU
	EndGlobalSection
	GlobalSection(SolutionProperties) = preSolution
		HideSolutionNode = FALSE
	EndGlobalSection
	GlobalSection(ExtensibilityGlobals) = postSolution
		SolutionGuid = {ADA82649-72D1-48FC-A3BC-F54982405A95}
	EndGlobalSection
EndGlobal
